
Microsoft Visual Studio Solution File, Format Version 10.00
# Visual C++ Express 2008
Project("{8BC9CEB8-8B4A-11D0-8D11-00A0C91BC942}") = "9858024Win32", "9858024Win32\9858024Win32.vcproj", "{6CB12027-AEEA-478A-AE96-90BEF5FB161D}"
EndProject
Global
	GlobalSection(SolutionConfigurationPlatforms) = preSolution
		Debug|Win32 = Debug|Win32
		Release|Win32 = Release|Win32
	EndGlobalSection
	GlobalSection(ProjectConfigurationPlatforms) = postSolution
		{6CB12027-AEEA-478A-AE96-90BEF5FB161D}.Debug|Win32.ActiveCfg = Debug|Win32
		{6CB12027-AEEA-478A-AE96-90BEF5FB161D}.Debug|Win32.Build.0 = Debug|Win32
		{6CB12027-AEEA-478A-AE96-90BEF5FB161D}.Release|Win32.ActiveCfg = Release|Win32
		{6CB12027-AEEA-478A-AE96-90BEF5FB161D}.Release|Win32.Build.0 = Release|Win32
	EndGlobalSection
	GlobalSection(SolutionProperties) = preSolution
		HideSolutionNode = FALSE
	EndGlobalSection
EndGlobal
